// !$*UTF8*$!
{
	archiveVersion = 1;
	classes = {
	};
	objectVersion = 48;
	objects = {

/* Begin PBXBuildFile section */
		311C5F381FD6771D003376C7 /* AppDelegate.swift in Sources */ = {isa = PBXBuildFile; fileRef = 311C5F371FD6771D003376C7 /* AppDelegate.swift */; };
		311C5F3A1FD6771D003376C7 /* ViewController.swift in Sources */ = {isa = PBXBuildFile; fileRef = 311C5F391FD6771D003376C7 /* ViewController.swift */; };
		311C5F3D1FD6771D003376C7 /* Main.storyboard in Resources */ = {isa = PBXBuildFile; fileRef = 311C5F3B1FD6771D003376C7 /* Main.storyboard */; };
		311C5F3F1FD6771D003376C7 /* Assets.xcassets in Resources */ = {isa = PBXBuildFile; fileRef = 311C5F3E1FD6771D003376C7 /* Assets.xcassets */; };
		311C5F421FD6771D003376C7 /* LaunchScreen.storyboard in Resources */ = {isa = PBXBuildFile; fileRef = 311C5F401FD6771D003376C7 /* LaunchScreen.storyboard */; };
		311C5F4D1FD6771E003376C7 /* XYSwiftCalendarTests.swift in Sources */ = {isa = PBXBuildFile; fileRef = 311C5F4C1FD6771E003376C7 /* XYSwiftCalendarTests.swift */; };
		311C5F581FD6771E003376C7 /* XYSwiftCalendarUITests.swift in Sources */ = {isa = PBXBuildFile; fileRef = 311C5F571FD6771E003376C7 /* XYSwiftCalendarUITests.swift */; };
		311C5F681FD78B6A003376C7 /* CalendarControllerOne.swift in Sources */ = {isa = PBXBuildFile; fileRef = 311C5F671FD78B6A003376C7 /* CalendarControllerOne.swift */; };
		311C5F6E1FD7C50D003376C7 /* UIColorExtension.swift in Sources */ = {isa = PBXBuildFile; fileRef = 311C5F6D1FD7C50C003376C7 /* UIColorExtension.swift */; };
		313F5DA81FDA914E00805238 /* CalendarOneHeader.swift in Sources */ = {isa = PBXBuildFile; fileRef = 313F5DA11FDA914E00805238 /* CalendarOneHeader.swift */; };
		313F5DA91FDA914E00805238 /* CalendarDateTool.swift in Sources */ = {isa = PBXBuildFile; fileRef = 313F5DA21FDA914E00805238 /* CalendarDateTool.swift */; };
		313F5DAA1FDA914E00805238 /* CalendarControllerTwo.swift in Sources */ = {isa = PBXBuildFile; fileRef = 313F5DA31FDA914E00805238 /* CalendarControllerTwo.swift */; };
		313F5DAB1FDA914E00805238 /* CalendarCollectionCell.swift in Sources */ = {isa = PBXBuildFile; fileRef = 313F5DA41FDA914E00805238 /* CalendarCollectionCell.swift */; };
		313F5DAC1FDA914E00805238 /* CalendarTwoHeader.swift in Sources */ = {isa = PBXBuildFile; fileRef = 313F5DA51FDA914E00805238 /* CalendarTwoHeader.swift */; };
		313F5DAD1FDA914E00805238 /* CalendarCollectionCellTwo.swift in Sources */ = {isa = PBXBuildFile; fileRef = 313F5DA61FDA914E00805238 /* CalendarCollectionCellTwo.swift */; };
		313F5DAE1FDA914E00805238 /* CalendarView.swift in Sources */ = {isa = PBXBuildFile; fileRef = 313F5DA71FDA914E00805238 /* CalendarView.swift */; };
/* End PBXBuildFile section */

/* Begin PBXContainerItemProxy section */
		311C5F491FD6771E003376C7 /* PBXContainerItemProxy */ = {
			isa = PBXContainerItemProxy;
			containerPortal = 311C5F2C1FD6771D003376C7 /* Project object */;
			proxyType = 1;
			remoteGlobalIDString = 311C5F331FD6771D003376C7;
			remoteInfo = XYSwiftCalendar;
		};
		311C5F541FD6771E003376C7 /* PBXContainerItemProxy */ = {
			isa = PBXContainerItemProxy;
			containerPortal = 311C5F2C1FD6771D003376C7 /* Project object */;
			proxyType = 1;
			remoteGlobalIDString = 311C5F331FD6771D003376C7;
			remoteInfo = XYSwiftCalendar;
		};
/* End PBXContainerItemProxy section */

/* Begin PBXFileReference section */
		311C5F341FD6771D003376C7 /* XYSwiftCalendar.app */ = {isa = PBXFileReference; explicitFileType = wrapper.application; includeInIndex = 0; path = XYSwiftCalendar.app; sourceTree = BUILT_PRODUCTS_DIR; };
		311C5F371FD6771D003376C7 /* AppDelegate.swift */ = {isa = PBXFileReference; lastKnownFileType = sourcecode.swift; path = AppDelegate.swift; sourceTree = "<group>"; };
		311C5F391FD6771D003376C7 /* ViewController.swift */ = {isa = PBXFileReference; lastKnownFileType = sourcecode.swift; path = ViewController.swift; sourceTree = "<group>"; };
		311C5F3C1FD6771D003376C7 /* Base */ = {isa = PBXFileReference; lastKnownFileType = file.storyboard; name = Base; path = Base.lproj/Main.storyboard; sourceTree = "<group>"; };
		311C5F3E1FD6771D003376C7 /* Assets.xcassets */ = {isa = PBXFileReference; lastKnownFileType = folder.assetcatalog; path = Assets.xcassets; sourceTree = "<group>"; };
		311C5F411FD6771D003376C7 /* Base */ = {isa = PBXFileReference; lastKnownFileType = file.storyboard; name = Base; path = Base.lproj/LaunchScreen.storyboard; sourceTree = "<group>"; };
		311C5F431FD6771D003376C7 /* Info.plist */ = {isa = PBXFileReference; lastKnownFileType = text.plist.xml; path = Info.plist; sourceTree = "<group>"; };
		311C5F481FD6771E003376C7 /* XYSwiftCalendarTests.xctest */ = {isa = PBXFileReference; explicitFileType = wrapper.cfbundle; includeInIndex = 0; path = XYSwiftCalendarTests.xctest; sourceTree = BUILT_PRODUCTS_DIR; };
		311C5F4C1FD6771E003376C7 /* XYSwiftCalendarTests.swift */ = {isa = PBXFileReference; lastKnownFileType = sourcecode.swift; path = XYSwiftCalendarTests.swift; sourceTree = "<group>"; };
		311C5F4E1FD6771E003376C7 /* Info.plist */ = {isa = PBXFileReference; lastKnownFileType = text.plist.xml; path = Info.plist; sourceTree = "<group>"; };
		311C5F531FD6771E003376C7 /* XYSwiftCalendarUITests.xctest */ = {isa = PBXFileReference; explicitFileType = wrapper.cfbundle; includeInIndex = 0; path = XYSwiftCalendarUITests.xctest; sourceTree = BUILT_PRODUCTS_DIR; };
		311C5F571FD6771E003376C7 /* XYSwiftCalendarUITests.swift */ = {isa = PBXFileReference; lastKnownFileType = sourcecode.swift; path = XYSwiftCalendarUITests.swift; sourceTree = "<group>"; };
		311C5F591FD6771E003376C7 /* Info.plist */ = {isa = PBXFileReference; lastKnownFileType = text.plist.xml; path = Info.plist; sourceTree = "<group>"; };
		311C5F671FD78B6A003376C7 /* CalendarControllerOne.swift */ = {isa = PBXFileReference; lastKnownFileType = sourcecode.swift; path = CalendarControllerOne.swift; sourceTree = "<group>"; };
		311C5F6D1FD7C50C003376C7 /* UIColorExtension.swift */ = {isa = PBXFileReference; lastKnownFileType = sourcecode.swift; path = UIColorExtension.swift; sourceTree = "<group>"; };
		313F5DA11FDA914E00805238 /* CalendarOneHeader.swift */ = {isa = PBXFileReference; fileEncoding = 4; lastKnownFileType = sourcecode.swift; path = CalendarOneHeader.swift; sourceTree = "<group>"; };
		313F5DA21FDA914E00805238 /* CalendarDateTool.swift */ = {isa = PBXFileReference; fileEncoding = 4; lastKnownFileType = sourcecode.swift; path = CalendarDateTool.swift; sourceTree = "<group>"; };
		313F5DA31FDA914E00805238 /* CalendarControllerTwo.swift */ = {isa = PBXFileReference; fileEncoding = 4; lastKnownFileType = sourcecode.swift; path = CalendarControllerTwo.swift; sourceTree = "<group>"; };
		313F5DA41FDA914E00805238 /* CalendarCollectionCell.swift */ = {isa = PBXFileReference; fileEncoding = 4; lastKnownFileType = sourcecode.swift; path = CalendarCollectionCell.swift; sourceTree = "<group>"; };
		313F5DA51FDA914E00805238 /* CalendarTwoHeader.swift */ = {isa = PBXFileReference; fileEncoding = 4; lastKnownFileType = sourcecode.swift; path = CalendarTwoHeader.swift; sourceTree = "<group>"; };
		313F5DA61FDA914E00805238 /* CalendarCollectionCellTwo.swift */ = {isa = PBXFileReference; fileEncoding = 4; lastKnownFileType = sourcecode.swift; path = CalendarCollectionCellTwo.swift; sourceTree = "<group>"; };
		313F5DA71FDA914E00805238 /* CalendarView.swift */ = {isa = PBXFileReference; fileEncoding = 4; lastKnownFileType = sourcecode.swift; path = CalendarView.swift; sourceTree = "<group>"; };
/* End PBXFileReference section */

/* Begin PBXFrameworksBuildPhase section */
		311C5F311FD6771D003376C7 /* Frameworks */ = {
			isa = PBXFrameworksBuildPhase;
			buildActionMask = 2147483647;
			files = (
			);
			runOnlyForDeploymentPostprocessing = 0;
		};
		311C5F451FD6771E003376C7 /* Frameworks */ = {
			isa = PBXFrameworksBuildPhase;
			buildActionMask = 2147483647;
			files = (
			);
			runOnlyForDeploymentPostprocessing = 0;
		};
		311C5F501FD6771E003376C7 /* Frameworks */ = {
			isa = PBXFrameworksBuildPhase;
			buildActionMask = 2147483647;
			files = (
			);
			runOnlyForDeploymentPostprocessing = 0;
		};
/* End PBXFrameworksBuildPhase section */

/* Begin PBXGroup section */
		311C5F2B1FD6771D003376C7 = {
			isa = PBXGroup;
			children = (
				311C5F361FD6771D003376C7 /* XYSwiftCalendar */,
				311C5F4B1FD6771E003376C7 /* XYSwiftCalendarTests */,
				311C5F561FD6771E003376C7 /* XYSwiftCalendarUITests */,
				311C5F351FD6771D003376C7 /* Products */,
			);
			sourceTree = "<group>";
		};
		311C5F351FD6771D003376C7 /* Products */ = {
			isa = PBXGroup;
			children = (
				311C5F341FD6771D003376C7 /* XYSwiftCalendar.app */,
				311C5F481FD6771E003376C7 /* XYSwiftCalendarTests.xctest */,
				311C5F531FD6771E003376C7 /* XYSwiftCalendarUITests.xctest */,
			);
			name = Products;
			sourceTree = "<group>";
		};
		311C5F361FD6771D003376C7 /* XYSwiftCalendar */ = {
			isa = PBXGroup;
			children = (
				313F5DA01FDA914E00805238 /* Calendar */,
				311C5F371FD6771D003376C7 /* AppDelegate.swift */,
				311C5F391FD6771D003376C7 /* ViewController.swift */,
				311C5F3B1FD6771D003376C7 /* Main.storyboard */,
				311C5F3E1FD6771D003376C7 /* Assets.xcassets */,
				311C5F401FD6771D003376C7 /* LaunchScreen.storyboard */,
				311C5F431FD6771D003376C7 /* Info.plist */,
			);
			path = XYSwiftCalendar;
			sourceTree = "<group>";
		};
		311C5F4B1FD6771E003376C7 /* XYSwiftCalendarTests */ = {
			isa = PBXGroup;
			children = (
				311C5F4C1FD6771E003376C7 /* XYSwiftCalendarTests.swift */,
				311C5F4E1FD6771E003376C7 /* Info.plist */,
			);
			path = XYSwiftCalendarTests;
			sourceTree = "<group>";
		};
		311C5F561FD6771E003376C7 /* XYSwiftCalendarUITests */ = {
			isa = PBXGroup;
			children = (
				311C5F571FD6771E003376C7 /* XYSwiftCalendarUITests.swift */,
				311C5F591FD6771E003376C7 /* Info.plist */,
			);
			path = XYSwiftCalendarUITests;
			sourceTree = "<group>";
		};
		313F5DA01FDA914E00805238 /* Calendar */ = {
			isa = PBXGroup;
			children = (
				313F5DA71FDA914E00805238 /* CalendarView.swift */,
				313F5DA11FDA914E00805238 /* CalendarOneHeader.swift */,
				313F5DA21FDA914E00805238 /* CalendarDateTool.swift */,
				311C5F671FD78B6A003376C7 /* CalendarControllerOne.swift */,
				313F5DA31FDA914E00805238 /* CalendarControllerTwo.swift */,
				313F5DA41FDA914E00805238 /* CalendarCollectionCell.swift */,
				313F5DA51FDA914E00805238 /* CalendarTwoHeader.swift */,
				313F5DA61FDA914E00805238 /* CalendarCollectionCellTwo.swift */,
				311C5F6D1FD7C50C003376C7 /* UIColorExtension.swift */,
			);
			path = Calendar;
			sourceTree = "<group>";
		};
/* End PBXGroup section */

/* Begin PBXNativeTarget section */
		311C5F331FD6771D003376C7 /* XYSwiftCalendar */ = {
			isa = PBXNativeTarget;
			buildConfigurationList = 311C5F5C1FD6771E003376C7 /* Build configuration list for PBXNativeTarget "XYSwiftCalendar" */;
			buildPhases = (
				311C5F301FD6771D003376C7 /* Sources */,
				311C5F311FD6771D003376C7 /* Frameworks */,
				311C5F321FD6771D003376C7 /* Resources */,
			);
			buildRules = (
			);
			dependencies = (
			);
			name = XYSwiftCalendar;
			productName = XYSwiftCalendar;
			productReference = 311C5F341FD6771D003376C7 /* XYSwiftCalendar.app */;
			productType = "com.apple.product-type.application";
		};
		311C5F471FD6771E003376C7 /* XYSwiftCalendarTests */ = {
			isa = PBXNativeTarget;
			buildConfigurationList = 311C5F5F1FD6771E003376C7 /* Build configuration list for PBXNativeTarget "XYSwiftCalendarTests" */;
			buildPhases = (
				311C5F441FD6771E003376C7 /* Sources */,
				311C5F451FD6771E003376C7 /* Frameworks */,
				311C5F461FD6771E003376C7 /* Resources */,
			);
			buildRules = (
			);
			dependencies = (
				311C5F4A1FD6771E003376C7 /* PBXTargetDependency */,
			);
			name = XYSwiftCalendarTests;
			productName = XYSwiftCalendarTests;
			productReference = 311C5F481FD6771E003376C7 /* XYSwiftCalendarTests.xctest */;
			productType = "com.apple.product-type.bundle.unit-test";
		};
		311C5F521FD6771E003376C7 /* XYSwiftCalendarUITests */ = {
			isa = PBXNativeTarget;
			buildConfigurationList = 311C5F621FD6771E003376C7 /* Build configuration list for PBXNativeTarget "XYSwiftCalendarUITests" */;
			buildPhases = (
				311C5F4F1FD6771E003376C7 /* Sources */,
				311C5F501FD6771E003376C7 /* Frameworks */,
				311C5F511FD6771E003376C7 /* Resources */,
			);
			buildRules = (
			);
			dependencies = (
				311C5F551FD6771E003376C7 /* PBXTargetDependency */,
			);
			name = XYSwiftCalendarUITests;
			productName = XYSwiftCalendarUITests;
			productReference = 311C5F531FD6771E003376C7 /* XYSwiftCalendarUITests.xctest */;
			productType = "com.apple.product-type.bundle.ui-testing";
		};
/* End PBXNativeTarget section */

/* Begin PBXProject section */
		311C5F2C1FD6771D003376C7 /* Project object */ = {
			isa = PBXProject;
			attributes = {
				LastSwiftUpdateCheck = 0910;
				LastUpgradeCheck = 0910;
				ORGANIZATIONNAME = "岁变";
				TargetAttributes = {
					311C5F331FD6771D003376C7 = {
						CreatedOnToolsVersion = 9.1;
						ProvisioningStyle = Automatic;
					};
					311C5F471FD6771E003376C7 = {
						CreatedOnToolsVersion = 9.1;
						ProvisioningStyle = Automatic;
						TestTargetID = 311C5F331FD6771D003376C7;
					};
					311C5F521FD6771E003376C7 = {
						CreatedOnToolsVersion = 9.1;
						ProvisioningStyle = Automatic;
						TestTargetID = 311C5F331FD6771D003376C7;
					};
				};
			};
			buildConfigurationList = 311C5F2F1FD6771D003376C7 /* Build configuration list for PBXProject "XYSwiftCalendar" */;
			compatibilityVersion = "Xcode 8.0";
			developmentRegion = en;
			hasScannedForEncodings = 0;
			knownRegions = (
				en,
				Base,
			);
			mainGroup = 311C5F2B1FD6771D003376C7;
			productRefGroup = 311C5F351FD6771D003376C7 /* Products */;
			projectDirPath = "";
			projectRoot = "";
			targets = (
				311C5F331FD6771D003376C7 /* XYSwiftCalendar */,
				311C5F471FD6771E003376C7 /* XYSwiftCalendarTests */,
				311C5F521FD6771E003376C7 /* XYSwiftCalendarUITests */,
			);
		};
/* End PBXProject section */

/* Begin PBXResourcesBuildPhase section */
		311C5F321FD6771D003376C7 /* Resources */ = {
			isa = PBXResourcesBuildPhase;
			buildActionMask = 2147483647;
			files = (
				311C5F421FD6771D003376C7 /* LaunchScreen.storyboard in Resources */,
				311C5F3F1FD6771D003376C7 /* Assets.xcassets in Resources */,
				311C5F3D1FD6771D003376C7 /* Main.storyboard in Resources */,
			);
			runOnlyForDeploymentPostprocessing = 0;
		};
		311C5F461FD6771E003376C7 /* Resources */ = {
			isa = PBXResourcesBuildPhase;
			buildActionMask = 2147483647;
			files = (
			);
			runOnlyForDeploymentPostprocessing = 0;
		};
		311C5F511FD6771E003376C7 /* Resources */ = {
			isa = PBXResourcesBuildPhase;
			buildActionMask = 2147483647;
			files = (
			);
			runOnlyForDeploymentPostprocessing = 0;
		};
/* End PBXResourcesBuildPhase section */

/* Begin PBXSourcesBuildPhase section */
		311C5F301FD6771D003376C7 /* Sources */ = {
			isa = PBXSourcesBuildPhase;
			buildActionMask = 2147483647;
			files = (
				311C5F3A1FD6771D003376C7 /* ViewController.swift in Sources */,
				313F5DAE1FDA914E00805238 /* CalendarView.swift in Sources */,
				311C5F6E1FD7C50D003376C7 /* UIColorExtension.swift in Sources */,
				313F5DA91FDA914E00805238 /* CalendarDateTool.swift in Sources */,
				313F5DA81FDA914E00805238 /* CalendarOneHeader.swift in Sources */,
				311C5F681FD78B6A003376C7 /* CalendarControllerOne.swift in Sources */,
				313F5DAB1FDA914E00805238 /* CalendarCollectionCell.swift in Sources */,
				313F5DAD1FDA914E00805238 /* CalendarCollectionCellTwo.swift in Sources */,
				313F5DAA1FDA914E00805238 /* CalendarControllerTwo.swift in Sources */,
				311C5F381FD6771D003376C7 /* AppDelegate.swift in Sources */,
				313F5DAC1FDA914E00805238 /* CalendarTwoHeader.swift in Sources */,
			);
			runOnlyForDeploymentPostprocessing = 0;
		};
		311C5F441FD6771E003376C7 /* Sources */ = {
			isa = PBXSourcesBuildPhase;
			buildActionMask = 2147483647;
			files = (
				311C5F4D1FD6771E003376C7 /* XYSwiftCalendarTests.swift in Sources */,
			);
			runOnlyForDeploymentPostprocessing = 0;
		};
		311C5F4F1FD6771E003376C7 /* Sources */ = {
			isa = PBXSourcesBuildPhase;
			buildActionMask = 2147483647;
			files = (
				311C5F581FD6771E003376C7 /* XYSwiftCalendarUITests.swift in Sources */,
			);
			runOnlyForDeploymentPostprocessing = 0;
		};
/* End PBXSourcesBuildPhase section */

/* Begin PBXTargetDependency section */
		311C5F4A1FD6771E003376C7 /* PBXTargetDependency */ = {
			isa = PBXTargetDependency;
			target = 311C5F331FD6771D003376C7 /* XYSwiftCalendar */;
			targetProxy = 311C5F491FD6771E003376C7 /* PBXContainerItemProxy */;
		};
		311C5F551FD6771E003376C7 /* PBXTargetDependency */ = {
			isa = PBXTargetDependency;
			target = 311C5F331FD6771D003376C7 /* XYSwiftCalendar */;
			targetProxy = 311C5F541FD6771E003376C7 /* PBXContainerItemProxy */;
		};
/* End PBXTargetDependency section */

/* Begin PBXVariantGroup section */
		311C5F3B1FD6771D003376C7 /* Main.storyboard */ = {
			isa = PBXVariantGroup;
			children = (
				311C5F3C1FD6771D003376C7 /* Base */,
			);
			name = Main.storyboard;
			sourceTree = "<group>";
		};
		311C5F401FD6771D003376C7 /* LaunchScreen.storyboard */ = {
			isa = PBXVariantGroup;
			children = (
				311C5F411FD6771D003376C7 /* Base */,
			);
			name = LaunchScreen.storyboard;
			sourceTree = "<group>";
		};
/* End PBXVariantGroup section */

/* Begin XCBuildConfiguration section */
		311C5F5A1FD6771E003376C7 /* Debug */ = {
			isa = XCBuildConfiguration;
			buildSettings = {
				ALWAYS_SEARCH_USER_PATHS = NO;
				CLANG_ANALYZER_NONNULL = YES;
				CLANG_ANALYZER_NUMBER_OBJECT_CONVERSION = YES_AGGRESSIVE;
				CLANG_CXX_LANGUAGE_STANDARD = "gnu++14";
				CLANG_CXX_LIBRARY = "libc++";
				CLANG_ENABLE_MODULES = YES;
				CLANG_ENABLE_OBJC_ARC = YES;
				CLANG_WARN_BLOCK_CAPTURE_AUTORELEASING = YES;
				CLANG_WARN_BOOL_CONVERSION = YES;
				CLANG_WARN_COMMA = YES;
				CLANG_WARN_CONSTANT_CONVERSION = YES;
				CLANG_WARN_DIRECT_OBJC_ISA_USAGE = YES_ERROR;
				CLANG_WARN_DOCUMENTATION_COMMENTS = YES;
				CLANG_WARN_EMPTY_BODY = YES;
				CLANG_WARN_ENUM_CONVERSION = YES;
				CLANG_WARN_INFINITE_RECURSION = YES;
				CLANG_WARN_INT_CONVERSION = YES;
				CLANG_WARN_NON_LITERAL_NULL_CONVERSION = YES;
				CLANG_WARN_OBJC_LITERAL_CONVERSION = YES;
				CLANG_WARN_OBJC_ROOT_CLASS = YES_ERROR;
				CLANG_WARN_RANGE_LOOP_ANALYSIS = YES;
				CLANG_WARN_STRICT_PROTOTYPES = YES;
				CLANG_WARN_SUSPICIOUS_MOVE = YES;
				CLANG_WARN_UNGUARDED_AVAILABILITY = YES_AGGRESSIVE;
				CLANG_WARN_UNREACHABLE_CODE = YES;
				CLANG_WARN__DUPLICATE_METHOD_MATCH = YES;
				CODE_SIGN_IDENTITY = "iPhone Developer";
				COPY_PHASE_STRIP = NO;
				DEBUG_INFORMATION_FORMAT = dwarf;
				ENABLE_STRICT_OBJC_MSGSEND = YES;
				ENABLE_TESTABILITY = YES;
				GCC_C_LANGUAGE_STANDARD = gnu11;
				GCC_DYNAMIC_NO_PIC = NO;
				GCC_NO_COMMON_BLOCKS = YES;
				GCC_OPTIMIZATION_LEVEL = 0;
				GCC_PREPROCESSOR_DEFINITIONS = (
					"DEBUG=1",
					"$(inherited)",
				);
				GCC_WARN_64_TO_32_BIT_CONVERSION = YES;
				GCC_WARN_ABOUT_RETURN_TYPE = YES_ERROR;
				GCC_WARN_UNDECLARED_SELECTOR = YES;
				GCC_WARN_UNINITIALIZED_AUTOS = YES_AGGRESSIVE;
				GCC_WARN_UNUSED_FUNCTION = YES;
				GCC_WARN_UNUSED_VARIABLE = YES;
				IPHONEOS_DEPLOYMENT_TARGET = 11.1;
				MTL_ENABLE_DEBUG_INFO = YES;
				ONLY_ACTIVE_ARCH = YES;
				SDKROOT = iphoneos;
				SWIFT_ACTIVE_COMPILATION_CONDITIONS = DEBUG;
				SWIFT_OPTIMIZATION_LEVEL = "-Onone";
			};
			name = Debug;
		};
		311C5F5B1FD6771E003376C7 /* Release */ = {
			isa = XCBuildConfiguration;
			buildSettings = {
				ALWAYS_SEARCH_USER_PATHS = NO;
				CLANG_ANALYZER_NONNULL = YES;
				CLANG_ANALYZER_NUMBER_OBJECT_CONVERSION = YES_AGGRESSIVE;
				CLANG_CXX_LANGUAGE_STANDARD = "gnu++14";
				CLANG_CXX_LIBRARY = "libc++";
				CLANG_ENABLE_MODULES = YES;
				CLANG_ENABLE_OBJC_ARC = YES;
				CLANG_WARN_BLOCK_CAPTURE_AUTORELEASING = YES;
				CLANG_WARN_BOOL_CONVERSION = YES;
				CLANG_WARN_COMMA = YES;
				CLANG_WARN_CONSTANT_CONVERSION = YES;
				CLANG_WARN_DIRECT_OBJC_ISA_USAGE = YES_ERROR;
				CLANG_WARN_DOCUMENTATION_COMMENTS = YES;
				CLANG_WARN_EMPTY_BODY = YES;
				CLANG_WARN_ENUM_CONVERSION = YES;
				CLANG_WARN_INFINITE_RECURSION = YES;
				CLANG_WARN_INT_CONVERSION = YES;
				CLANG_WARN_NON_LITERAL_NULL_CONVERSION = YES;
				CLANG_WARN_OBJC_LITERAL_CONVERSION = YES;
				CLANG_WARN_OBJC_ROOT_CLASS = YES_ERROR;
				CLANG_WARN_RANGE_LOOP_ANALYSIS = YES;
				CLANG_WARN_STRICT_PROTOTYPES = YES;
				CLANG_WARN_SUSPICIOUS_MOVE = YES;
				CLANG_WARN_UNGUARDED_AVAILABILITY = YES_AGGRESSIVE;
				CLANG_WARN_UNREACHABLE_CODE = YES;
				CLANG_WARN__DUPLICATE_METHOD_MATCH = YES;
				CODE_SIGN_IDENTITY = "iPhone Developer";
				COPY_PHASE_STRIP = NO;
				DEBUG_INFORMATION_FORMAT = "dwarf-with-dsym";
				ENABLE_NS_ASSERTIONS = NO;
				ENABLE_STRICT_OBJC_MSGSEND = YES;
				GCC_C_LANGUAGE_STANDARD = gnu11;
				GCC_NO_COMMON_BLOCKS = YES;
				GCC_WARN_64_TO_32_BIT_CONVERSION = YES;
				GCC_WARN_ABOUT_RETURN_TYPE = YES_ERROR;
				GCC_WARN_UNDECLARED_SELECTOR = YES;
				GCC_WARN_UNINITIALIZED_AUTOS = YES_AGGRESSIVE;
				GCC_WARN_UNUSED_FUNCTION = YES;
				GCC_WARN_UNUSED_VARIABLE = YES;
				IPHONEOS_DEPLOYMENT_TARGET = 11.1;
				MTL_ENABLE_DEBUG_INFO = NO;
				SDKROOT = iphoneos;
				SWIFT_OPTIMIZATION_LEVEL = "-Owholemodule";
				VALIDATE_PRODUCT = YES;
			};
			name = Release;
		};
		311C5F5D1FD6771E003376C7 /* Debug */ = {
			isa = XCBuildConfiguration;
			buildSettings = {
				ASSETCATALOG_COMPILER_APPICON_NAME = AppIcon;
				CODE_SIGN_STYLE = Automatic;
				DEVELOPMENT_TEAM = ZT27N77L73;
				INFOPLIST_FILE = XYSwiftCalendar/Info.plist;
				IPHONEOS_DEPLOYMENT_TARGET = 9.3;
				LD_RUNPATH_SEARCH_PATHS = "$(inherited) @executable_path/Frameworks";
				PRODUCT_BUNDLE_IDENTIFIER = lanou.XYSwiftCalendar;
				PRODUCT_NAME = "$(TARGET_NAME)";
				SWIFT_VERSION = 4.0;
				TARGETED_DEVICE_FAMILY = "1,2";
			};
			name = Debug;
		};
		311C5F5E1FD6771E003376C7 /* Release */ = {
			isa = XCBuildConfiguration;
			buildSettings = {
				ASSETCATALOG_COMPILER_APPICON_NAME = AppIcon;
				CODE_SIGN_STYLE = Automatic;
				DEVELOPMENT_TEAM = ZT27N77L73;
				INFOPLIST_FILE = XYSwiftCalendar/Info.plist;
				IPHONEOS_DEPLOYMENT_TARGET = 9.3;
				LD_RUNPATH_SEARCH_PATHS = "$(inherited) @executable_path/Frameworks";
				PRODUCT_BUNDLE_IDENTIFIER = lanou.XYSwiftCalendar;
				PRODUCT_NAME = "$(TARGET_NAME)";
				SWIFT_VERSION = 4.0;
				TARGETED_DEVICE_FAMILY = "1,2";
			};
			name = Release;
		};
		311C5F601FD6771E003376C7 /* Debug */ = {
			isa = XCBuildConfiguration;
			buildSettings = {
				ALWAYS_EMBED_SWIFT_STANDARD_LIBRARIES = YES;
				BUNDLE_LOADER = "$(TEST_HOST)";
				CODE_SIGN_STYLE = Automatic;
				INFOPLIST_FILE = XYSwiftCalendarTests/Info.plist;
				LD_RUNPATH_SEARCH_PATHS = "$(inherited) @executable_path/Frameworks @loader_path/Frameworks";
				PRODUCT_BUNDLE_IDENTIFIER = lanou.XYSwiftCalendarTests;
				PRODUCT_NAME = "$(TARGET_NAME)";
				SWIFT_VERSION = 4.0;
				TARGETED_DEVICE_FAMILY = "1,2";
				TEST_HOST = "$(BUILT_PRODUCTS_DIR)/XYSwiftCalendar.app/XYSwiftCalendar";
			};
			name = Debug;
		};
		311C5F611FD6771E003376C7 /* Release */ = {
			isa = XCBuildConfiguration;
			buildSettings = {
				ALWAYS_EMBED_SWIFT_STANDARD_LIBRARIES = YES;
				BUNDLE_LOADER = "$(TEST_HOST)";
				CODE_SIGN_STYLE = Automatic;
				INFOPLIST_FILE = XYSwiftCalendarTests/Info.plist;
				LD_RUNPATH_SEARCH_PATHS = "$(inherited) @executable_path/Frameworks @loader_path/Frameworks";
				PRODUCT_BUNDLE_IDENTIFIER = lanou.XYSwiftCalendarTests;
				PRODUCT_NAME = "$(TARGET_NAME)";
				SWIFT_VERSION = 4.0;
				TARGETED_DEVICE_FAMILY = "1,2";
				TEST_HOST = "$(BUILT_PRODUCTS_DIR)/XYSwiftCalendar.app/XYSwiftCalendar";
			};
			name = Release;
		};
		311C5F631FD6771E003376C7 /* Debug */ = {
			isa = XCBuildConfiguration;
			buildSettings = {
				ALWAYS_EMBED_SWIFT_STANDARD_LIBRARIES = YES;
				CODE_SIGN_STYLE = Automatic;
				INFOPLIST_FILE = XYSwiftCalendarUITests/Info.plist;
				LD_RUNPATH_SEARCH_PATHS = "$(inherited) @executable_path/Frameworks @loader_path/Frameworks";
				PRODUCT_BUNDLE_IDENTIFIER = lanou.XYSwiftCalendarUITests;
				PRODUCT_NAME = "$(TARGET_NAME)";
				SWIFT_VERSION = 4.0;
				TARGETED_DEVICE_FAMILY = "1,2";
				TEST_TARGET_NAME = XYSwiftCalendar;
			};
			name = Debug;
		};
		311C5F641FD6771E003376C7 /* Release */ = {
			isa = XCBuildConfiguration;
			buildSettings = {
				ALWAYS_EMBED_SWIFT_STANDARD_LIBRARIES = YES;
				CODE_SIGN_STYLE = Automatic;
				INFOPLIST_FILE = XYSwiftCalendarUITests/Info.plist;
				LD_RUNPATH_SEARCH_PATHS = "$(inherited) @executable_path/Frameworks @loader_path/Frameworks";
				PRODUCT_BUNDLE_IDENTIFIER = lanou.XYSwiftCalendarUITests;
				PRODUCT_NAME = "$(TARGET_NAME)";
				SWIFT_VERSION = 4.0;
				TARGETED_DEVICE_FAMILY = "1,2";
				TEST_TARGET_NAME = XYSwiftCalendar;
			};
			name = Release;
		};
/* End XCBuildConfiguration section */

/* Begin XCConfigurationList section */
		311C5F2F1FD6771D003376C7 /* Build configuration list for PBXProject "XYSwiftCalendar" */ = {
			isa = XCConfigurationList;
			buildConfigurations = (
				311C5F5A1FD6771E003376C7 /* Debug */,
				311C5F5B1FD6771E003376C7 /* Release */,
			);
			defaultConfigurationIsVisible = 0;
			defaultConfigurationName = Release;
		};
		311C5F5C1FD6771E003376C7 /* Build configuration list for PBXNativeTarget "XYSwiftCalendar" */ = {
			isa = XCConfigurationList;
			buildConfigurations = (
				311C5F5D1FD6771E003376C7 /* Debug */,
				311C5F5E1FD6771E003376C7 /* Release */,
			);
			defaultConfigurationIsVisible = 0;
			defaultConfigurationName = Release;
		};
		311C5F5F1FD6771E003376C7 /* Build configuration list for PBXNativeTarget "XYSwiftCalendarTests" */ = {
			isa = XCConfigurationList;
			buildConfigurations = (
				311C5F601FD6771E003376C7 /* Debug */,
				311C5F611FD6771E003376C7 /* Release */,
			);
			defaultConfigurationIsVisible = 0;
			defaultConfigurationName = Release;
		};
		311C5F621FD6771E003376C7 /* Build configuration list for PBXNativeTarget "XYSwiftCalendarUITests" */ = {
			isa = XCConfigurationList;
			buildConfigurations = (
				311C5F631FD6771E003376C7 /* Debug */,
				311C5F641FD6771E003376C7 /* Release */,
			);
			defaultConfigurationIsVisible = 0;
			defaultConfigurationName = Release;
		};
/* End XCConfigurationList section */
	};
	rootObject = 311C5F2C1FD6771D003376C7 /* Project object */;
}
